
Microsoft Visual Studio Solution File, Format Version 12.00
# Visual Studio Version 17
VisualStudioVersion = 17.0.32112.339
MinimumVisualStudioVersion = 10.0.40219.1
Project("{2150E333-8FDC-42A3-9474-1A3956D46DE8}") = "VasuthalozatAdmin", "VasuthalozatAdmin", "{000C13F0-10B1-427D-9626-97698C3D6B4E}"
EndProject
Project("{FAE04EC0-301F-11D3-BF4B-00C04F79EFBC}") = "VasuthalozatAdmin", "VasuthalozatAdmin\VasuthalozatAdmin.csproj", "{C52F63EC-074C-4526-80DD-F8B32B76577E}"
EndProject
Project("{2150E333-8FDC-42A3-9474-1A3956D46DE8}") = "VasuthalozatPublic", "VasuthalozatPublic", "{9E4D32AA-FE2E-437A-9F58-E077C82F8C8E}"
EndProject
Project("{FAE04EC0-301F-11D3-BF4B-00C04F79EFBC}") = "VasuthalozatPublic", "VasuthalozatPublic\VasuthalozatPublic.csproj", "{8361C48A-0AE0-48B8-85A5-05C4F64D7931}"
EndProject
Project("{2150E333-8FDC-42A3-9474-1A3956D46DE8}") = "VasuthalozatCommon", "VasuthalozatCommon", "{170E5BBC-7651-4BC2-847B-162743D2988E}"
EndProject
Project("{FAE04EC0-301F-11D3-BF4B-00C04F79EFBC}") = "VasuthalozatCommon", "VasuthalozatCommon\VasuthalozatCommon.csproj", "{BF370D0A-15D5-4D1B-8B2D-29B6CB1C65B8}"
EndProject
Global
	GlobalSection(SolutionConfigurationPlatforms) = preSolution
		Debug|Any CPU = Debug|Any CPU
		Release|Any CPU = Release|Any CPU
	EndGlobalSection
	GlobalSection(ProjectConfigurationPlatforms) = postSolution
		{C52F63EC-074C-4526-80DD-F8B32B76577E}.Debug|Any CPU.ActiveCfg = Debug|Any CPU
		{C52F63EC-074C-4526-80DD-F8B32B76577E}.Debug|Any CPU.Build.0 = Debug|Any CPU
		{C52F63EC-074C-4526-80DD-F8B32B76577E}.Release|Any CPU.ActiveCfg = Release|Any CPU
		{C52F63EC-074C-4526-80DD-F8B32B76577E}.Release|Any CPU.Build.0 = Release|Any CPU
		{8361C48A-0AE0-48B8-85A5-05C4F64D7931}.Debug|Any CPU.ActiveCfg = Debug|Any CPU
		{8361C48A-0AE0-48B8-85A5-05C4F64D7931}.Debug|Any CPU.Build.0 = Debug|Any CPU
		{8361C48A-0AE0-48B8-85A5-05C4F64D7931}.Release|Any CPU.ActiveCfg = Release|Any CPU
		{8361C48A-0AE0-48B8-85A5-05C4F64D7931}.Release|Any CPU.Build.0 = Release|Any CPU
		{BF370D0A-15D5-4D1B-8B2D-29B6CB1C65B8}.Debug|Any CPU.ActiveCfg = Debug|Any CPU
		{BF370D0A-15D5-4D1B-8B2D-29B6CB1C65B8}.Debug|Any CPU.Build.0 = Debug|Any CPU
		{BF370D0A-15D5-4D1B-8B2D-29B6CB1C65B8}.Release|Any CPU.ActiveCfg = Release|Any CPU
		{BF370D0A-15D5-4D1B-8B2D-29B6CB1C65B8}.Release|Any CPU.Build.0 = Release|Any CPU
	EndGlobalSection
	GlobalSection(SolutionProperties) = preSolution
		HideSolutionNode = FALSE
	EndGlobalSection
	GlobalSection(NestedProjects) = preSolution
		{C52F63EC-074C-4526-80DD-F8B32B76577E} = {000C13F0-10B1-427D-9626-97698C3D6B4E}
		{8361C48A-0AE0-48B8-85A5-05C4F64D7931} = {9E4D32AA-FE2E-437A-9F58-E077C82F8C8E}
		{BF370D0A-15D5-4D1B-8B2D-29B6CB1C65B8} = {170E5BBC-7651-4BC2-847B-162743D2988E}
	EndGlobalSection
	GlobalSection(ExtensibilityGlobals) = postSolution
		SolutionGuid = {8E38E5BB-A719-4860-A0EA-8C138C387117}
	EndGlobalSection
EndGlobal
